
Microsoft Visual Studio Solution File, Format Version 12.00
# Visual Studio Version 17
VisualStudioVersion = 17.7.34024.191
MinimumVisualStudioVersion = 10.0.40219.1
Project("{9A19103F-16F7-4668-BE54-9A1E7A4F7556}") = "VmihailovUi", "VmihailovUi.csproj", "{21CDB21D-FBA7-4115-B6E6-450E14E51E83}"
EndProject
Global
	GlobalSection(SolutionConfigurationPlatforms) = preSolution
		Debug|Any CPU = Debug|Any CPU
		Release|Any CPU = Release|Any CPU
	EndGlobalSection
	GlobalSection(ProjectConfigurationPlatforms) = postSolution
		{21CDB21D-FBA7-4115-B6E6-450E14E51E83}.Debug|Any CPU.ActiveCfg = Debug|Any CPU
		{21CDB21D-FBA7-4115-B6E6-450E14E51E83}.Debug|Any CPU.Build.0 = Debug|Any CPU
		{21CDB21D-FBA7-4115-B6E6-450E14E51E83}.Release|Any CPU.ActiveCfg = Release|Any CPU
		{21CDB21D-FBA7-4115-B6E6-450E14E51E83}.Release|Any CPU.Build.0 = Release|Any CPU
	EndGlobalSection
	GlobalSection(SolutionProperties) = preSolution
		HideSolutionNode = FALSE
	EndGlobalSection
	GlobalSection(ExtensibilityGlobals) = postSolution
		SolutionGuid = {0A91095E-F0CC-4210-BD2A-52CD567566FC}
	EndGlobalSection
EndGlobal
